
Microsoft Visual Studio Solution File, Format Version 12.00
# Visual Studio Version 17
VisualStudioVersion = 17.3.32929.385
MinimumVisualStudioVersion = 10.0.40219.1
Project("{9A19103F-16F7-4668-BE54-9A1E7A4F7556}") = "Stage0", "Stage0\Stage0.csproj", "{CEB436A8-ABD4-4CC2-A3E1-95A160D14850}"
EndProject
Project("{2150E333-8FDC-42A3-9474-1A3956D46DE8}") = "Solution Items", "Solution Items", "{5413483D-9ADA-4AF7-8C03-4030503BFBDD}"
	ProjectSection(SolutionItems) = preProject
		README.md = README.md
	EndProjectSection
EndProject
Project("{2150E333-8FDC-42A3-9474-1A3956D46DE8}") = "Solution Items (2)", "Solution Items (2)", "{E94A6236-BFBB-4E95-96A7-932725B9A425}"
	ProjectSection(SolutionItems) = preProject
		README.md = README.md
	EndProjectSection
EndProject
Project("{9A19103F-16F7-4668-BE54-9A1E7A4F7556}") = "BL", "BL\BL.csproj", "{049F78F8-65C2-4DE0-907B-2320BB09E7F7}"
EndProject
Project("{9A19103F-16F7-4668-BE54-9A1E7A4F7556}") = "BlTest", "BlTest\BlTest.csproj", "{F51E72D6-3616-40A1-B4E4-63E7D924ADB7}"
EndProject
Project("{9A19103F-16F7-4668-BE54-9A1E7A4F7556}") = "PL", "PL\PL.csproj", "{D7B184B5-5853-4DC8-A1CC-A7768780B265}"
EndProject
Project("{2150E333-8FDC-42A3-9474-1A3956D46DE8}") = "xml", "xml", "{9C46E062-3E15-425A-9576-0DDDEF9A0E06}"
	ProjectSection(SolutionItems) = preProject
		xml\dal-config.xml = xml\dal-config.xml
	EndProjectSection
EndProject
Project("{9A19103F-16F7-4668-BE54-9A1E7A4F7556}") = "DalFacade", "DalFacade\DalFacade.csproj", "{E777B90A-F93D-428F-B97E-8358F44C21A0}"
EndProject
Project("{9A19103F-16F7-4668-BE54-9A1E7A4F7556}") = "DalList", "DalList\DalList.csproj", "{9171C01D-F983-4053-92F6-8F64A8ADDD41}"
EndProject
Project("{9A19103F-16F7-4668-BE54-9A1E7A4F7556}") = "DalTest", "DalTest\DalTest.csproj", "{9CEF900B-B320-47F5-8841-22D32825DCFA}"
	ProjectSection(ProjectDependencies) = postProject
		{9171C01D-F983-4053-92F6-8F64A8ADDD41} = {9171C01D-F983-4053-92F6-8F64A8ADDD41}
	EndProjectSection
EndProject
Project("{9A19103F-16F7-4668-BE54-9A1E7A4F7556}") = "DalXml", "DalXml\DalXml.csproj", "{8317E291-3A54-4D8E-9366-F366A2605E1F}"
EndProject
Global
	GlobalSection(SolutionConfigurationPlatforms) = preSolution
		Debug|Any CPU = Debug|Any CPU
		Release|Any CPU = Release|Any CPU
	EndGlobalSection
	GlobalSection(ProjectConfigurationPlatforms) = postSolution
		{CEB436A8-ABD4-4CC2-A3E1-95A160D14850}.Debug|Any CPU.ActiveCfg = Debug|Any CPU
		{CEB436A8-ABD4-4CC2-A3E1-95A160D14850}.Release|Any CPU.ActiveCfg = Release|Any CPU
		{CEB436A8-ABD4-4CC2-A3E1-95A160D14850}.Release|Any CPU.Build.0 = Release|Any CPU
		{049F78F8-65C2-4DE0-907B-2320BB09E7F7}.Debug|Any CPU.ActiveCfg = Debug|Any CPU
		{049F78F8-65C2-4DE0-907B-2320BB09E7F7}.Debug|Any CPU.Build.0 = Debug|Any CPU
		{049F78F8-65C2-4DE0-907B-2320BB09E7F7}.Release|Any CPU.ActiveCfg = Release|Any CPU
		{049F78F8-65C2-4DE0-907B-2320BB09E7F7}.Release|Any CPU.Build.0 = Release|Any CPU
		{F51E72D6-3616-40A1-B4E4-63E7D924ADB7}.Debug|Any CPU.ActiveCfg = Debug|Any CPU
		{F51E72D6-3616-40A1-B4E4-63E7D924ADB7}.Debug|Any CPU.Build.0 = Debug|Any CPU
		{F51E72D6-3616-40A1-B4E4-63E7D924ADB7}.Release|Any CPU.ActiveCfg = Release|Any CPU
		{F51E72D6-3616-40A1-B4E4-63E7D924ADB7}.Release|Any CPU.Build.0 = Release|Any CPU
		{D7B184B5-5853-4DC8-A1CC-A7768780B265}.Debug|Any CPU.ActiveCfg = Debug|Any CPU
		{D7B184B5-5853-4DC8-A1CC-A7768780B265}.Debug|Any CPU.Build.0 = Debug|Any CPU
		{D7B184B5-5853-4DC8-A1CC-A7768780B265}.Release|Any CPU.ActiveCfg = Release|Any CPU
		{D7B184B5-5853-4DC8-A1CC-A7768780B265}.Release|Any CPU.Build.0 = Release|Any CPU
		{E777B90A-F93D-428F-B97E-8358F44C21A0}.Debug|Any CPU.ActiveCfg = Debug|Any CPU
		{E777B90A-F93D-428F-B97E-8358F44C21A0}.Debug|Any CPU.Build.0 = Debug|Any CPU
		{E777B90A-F93D-428F-B97E-8358F44C21A0}.Release|Any CPU.ActiveCfg = Release|Any CPU
		{E777B90A-F93D-428F-B97E-8358F44C21A0}.Release|Any CPU.Build.0 = Release|Any CPU
		{9171C01D-F983-4053-92F6-8F64A8ADDD41}.Debug|Any CPU.ActiveCfg = Debug|Any CPU
		{9171C01D-F983-4053-92F6-8F64A8ADDD41}.Debug|Any CPU.Build.0 = Debug|Any CPU
		{9171C01D-F983-4053-92F6-8F64A8ADDD41}.Release|Any CPU.ActiveCfg = Release|Any CPU
		{9171C01D-F983-4053-92F6-8F64A8ADDD41}.Release|Any CPU.Build.0 = Release|Any CPU
		{9CEF900B-B320-47F5-8841-22D32825DCFA}.Debug|Any CPU.ActiveCfg = Debug|Any CPU
		{9CEF900B-B320-47F5-8841-22D32825DCFA}.Debug|Any CPU.Build.0 = Debug|Any CPU
		{9CEF900B-B320-47F5-8841-22D32825DCFA}.Release|Any CPU.ActiveCfg = Release|Any CPU
		{9CEF900B-B320-47F5-8841-22D32825DCFA}.Release|Any CPU.Build.0 = Release|Any CPU
		{8317E291-3A54-4D8E-9366-F366A2605E1F}.Debug|Any CPU.ActiveCfg = Debug|Any CPU
		{8317E291-3A54-4D8E-9366-F366A2605E1F}.Debug|Any CPU.Build.0 = Debug|Any CPU
		{8317E291-3A54-4D8E-9366-F366A2605E1F}.Release|Any CPU.ActiveCfg = Release|Any CPU
		{8317E291-3A54-4D8E-9366-F366A2605E1F}.Release|Any CPU.Build.0 = Release|Any CPU
	EndGlobalSection
	GlobalSection(SolutionProperties) = preSolution
		HideSolutionNode = FALSE
	EndGlobalSection
	GlobalSection(ExtensibilityGlobals) = postSolution
		SolutionGuid = {9002E1D6-248A-4B65-AB00-AD636C14521A}
	EndGlobalSection
EndGlobal
